
Microsoft Visual Studio Solution File, Format Version 12.00
# Visual Studio 15
VisualStudioVersion = 15.0.28307.1340
MinimumVisualStudioVersion = 10.0.40219.1
Project("{FAE04EC0-301F-11D3-BF4B-00C04F79EFBC}") = "wfa_naosip", "wfa_naosip\wfa_naosip.csproj", "{96C18C25-B091-468A-BC1A-1177128CA1FB}"
EndProject
Project("{FAE04EC0-301F-11D3-BF4B-00C04F79EFBC}") = "DATA", "DATA\DATA.csproj", "{AFEADE7F-B0D7-4249-93B6-DB0C171D5B4D}"
EndProject
Project("{FAE04EC0-301F-11D3-BF4B-00C04F79EFBC}") = "BUSSINES", "BUSSINES\BUSSINES.csproj", "{C993CDC4-56CD-4ACA-8274-F6837DDD9D35}"
EndProject
Project("{FAE04EC0-301F-11D3-BF4B-00C04F79EFBC}") = "MODEL", "MODEL\MODEL.csproj", "{C8A917FD-9620-4B08-A641-F5028F35ACCB}"
EndProject
Global
	GlobalSection(SolutionConfigurationPlatforms) = preSolution
		Debug|Any CPU = Debug|Any CPU
		Release|Any CPU = Release|Any CPU
	EndGlobalSection
	GlobalSection(ProjectConfigurationPlatforms) = postSolution
		{96C18C25-B091-468A-BC1A-1177128CA1FB}.Debug|Any CPU.ActiveCfg = Debug|Any CPU
		{96C18C25-B091-468A-BC1A-1177128CA1FB}.Debug|Any CPU.Build.0 = Debug|Any CPU
		{96C18C25-B091-468A-BC1A-1177128CA1FB}.Release|Any CPU.ActiveCfg = Release|Any CPU
		{96C18C25-B091-468A-BC1A-1177128CA1FB}.Release|Any CPU.Build.0 = Release|Any CPU
		{AFEADE7F-B0D7-4249-93B6-DB0C171D5B4D}.Debug|Any CPU.ActiveCfg = Debug|Any CPU
		{AFEADE7F-B0D7-4249-93B6-DB0C171D5B4D}.Debug|Any CPU.Build.0 = Debug|Any CPU
		{AFEADE7F-B0D7-4249-93B6-DB0C171D5B4D}.Release|Any CPU.ActiveCfg = Release|Any CPU
		{AFEADE7F-B0D7-4249-93B6-DB0C171D5B4D}.Release|Any CPU.Build.0 = Release|Any CPU
		{C993CDC4-56CD-4ACA-8274-F6837DDD9D35}.Debug|Any CPU.ActiveCfg = Debug|Any CPU
		{C993CDC4-56CD-4ACA-8274-F6837DDD9D35}.Debug|Any CPU.Build.0 = Debug|Any CPU
		{C993CDC4-56CD-4ACA-8274-F6837DDD9D35}.Release|Any CPU.ActiveCfg = Release|Any CPU
		{C993CDC4-56CD-4ACA-8274-F6837DDD9D35}.Release|Any CPU.Build.0 = Release|Any CPU
		{C8A917FD-9620-4B08-A641-F5028F35ACCB}.Debug|Any CPU.ActiveCfg = Debug|Any CPU
		{C8A917FD-9620-4B08-A641-F5028F35ACCB}.Debug|Any CPU.Build.0 = Debug|Any CPU
		{C8A917FD-9620-4B08-A641-F5028F35ACCB}.Release|Any CPU.ActiveCfg = Release|Any CPU
		{C8A917FD-9620-4B08-A641-F5028F35ACCB}.Release|Any CPU.Build.0 = Release|Any CPU
	EndGlobalSection
	GlobalSection(SolutionProperties) = preSolution
		HideSolutionNode = FALSE
	EndGlobalSection
	GlobalSection(ExtensibilityGlobals) = postSolution
		SolutionGuid = {210AB363-57D9-44C6-B381-D3D5E0538054}
	EndGlobalSection
EndGlobal
